// !$*UTF8*$!
{
	archiveVersion = 1;
	classes = {
	};
	objectVersion = 77;
	objects = {

/* Begin PBXBuildFile section */
		0E078DF32E6E2C3100D74BDA /* Auth in Frameworks */ = {isa = PBXBuildFile; productRef = 0E078DF22E6E2C3100D74BDA /* Auth */; };
		0E078DF52E6E2C3100D74BDA /* Functions in Frameworks */ = {isa = PBXBuildFile; productRef = 0E078DF42E6E2C3100D74BDA /* Functions */; };
		0E078DF72E6E2C3100D74BDA /* PostgREST in Frameworks */ = {isa = PBXBuildFile; productRef = 0E078DF62E6E2C3100D74BDA /* PostgREST */; };
		0E078DF92E6E2C3100D74BDA /* Realtime in Frameworks */ = {isa = PBXBuildFile; productRef = 0E078DF82E6E2C3100D74BDA /* Realtime */; };
		0E078DFB2E6E2C3100D74BDA /* Storage in Frameworks */ = {isa = PBXBuildFile; productRef = 0E078DFA2E6E2C3100D74BDA /* Storage */; };
		0E078DFD2E6E2C3100D74BDA /* Supabase in Frameworks */ = {isa = PBXBuildFile; productRef = 0E078DFC2E6E2C3100D74BDA /* Supabase */; };
		0E078DFF2E6E2C5100D74BDA /* Auth in Frameworks */ = {isa = PBXBuildFile; productRef = 0E078DFE2E6E2C5100D74BDA /* Auth */; };
		0E078E012E6E2C5100D74BDA /* Functions in Frameworks */ = {isa = PBXBuildFile; productRef = 0E078E002E6E2C5100D74BDA /* Functions */; };
		0E078E032E6E2C5100D74BDA /* PostgREST in Frameworks */ = {isa = PBXBuildFile; productRef = 0E078E022E6E2C5100D74BDA /* PostgREST */; };
		0E078E052E6E2C5100D74BDA /* Storage in Frameworks */ = {isa = PBXBuildFile; productRef = 0E078E042E6E2C5100D74BDA /* Storage */; };
		0E078E072E6E2C5100D74BDA /* Supabase in Frameworks */ = {isa = PBXBuildFile; productRef = 0E078E062E6E2C5100D74BDA /* Supabase */; };
		0E3AFF112EB518BD008B1321 /* KeychainAccess in Frameworks */ = {isa = PBXBuildFile; productRef = 0E3AFF102EB518BD008B1321 /* KeychainAccess */; };
		0E43798F2E9804C9000B2941 /* watch-notification.appex in Embed Foundation Extensions */ = {isa = PBXBuildFile; fileRef = 0E4379882E9804C9000B2941 /* watch-notification.appex */; settings = {ATTRIBUTES = (RemoveHeadersOnCopy, ); }; };
		0E43799C2E9804D3000B2941 /* WidgetKit.framework in Frameworks */ = {isa = PBXBuildFile; fileRef = 0E43799B2E9804D3000B2941 /* WidgetKit.framework */; };
		0E43799E2E9804D3000B2941 /* SwiftUI.framework in Frameworks */ = {isa = PBXBuildFile; fileRef = 0E43799D2E9804D3000B2941 /* SwiftUI.framework */; };
		0E4379A92E9804D4000B2941 /* version-complication.appex in Embed Foundation Extensions */ = {isa = PBXBuildFile; fileRef = 0E4379992E9804D2000B2941 /* version-complication.appex */; settings = {ATTRIBUTES = (RemoveHeadersOnCopy, ); }; };
		0E437A892E981ABC000B2941 /* StatKit in Frameworks */ = {isa = PBXBuildFile; productRef = 0E437A882E981ABC000B2941 /* StatKit */; };
		0E437AA32E981D24000B2941 /* KeychainAccess in Frameworks */ = {isa = PBXBuildFile; productRef = 0E437AA22E981D24000B2941 /* KeychainAccess */; };
		0E9D8CD02E0D6C24002B7989 /* fokusuhr-testing-platform Watch App.app in Embed Watch Content */ = {isa = PBXBuildFile; fileRef = 0E9D8CCF2E0D6C24002B7989 /* fokusuhr-testing-platform Watch App.app */; settings = {ATTRIBUTES = (RemoveHeadersOnCopy, ); }; };
/* End PBXBuildFile section */

/* Begin PBXContainerItemProxy section */
		0E43798D2E9804C9000B2941 /* PBXContainerItemProxy */ = {
			isa = PBXContainerItemProxy;
			containerPortal = 0E9D8CB72E0D6C22002B7989 /* Project object */;
			proxyType = 1;
			remoteGlobalIDString = 0E4379872E9804C9000B2941;
			remoteInfo = notification;
		};
		0E4379A72E9804D4000B2941 /* PBXContainerItemProxy */ = {
			isa = PBXContainerItemProxy;
			containerPortal = 0E9D8CB72E0D6C22002B7989 /* Project object */;
			proxyType = 1;
			remoteGlobalIDString = 0E4379982E9804D2000B2941;
			remoteInfo = widgetExtension;
		};
		0E9D8CD12E0D6C24002B7989 /* PBXContainerItemProxy */ = {
			isa = PBXContainerItemProxy;
			containerPortal = 0E9D8CB72E0D6C22002B7989 /* Project object */;
			proxyType = 1;
			remoteGlobalIDString = 0E9D8CCE2E0D6C24002B7989;
			remoteInfo = "fokusuhr-testing-platform Watch App";
		};
/* End PBXContainerItemProxy section */

/* Begin PBXCopyFilesBuildPhase section */
		0E4379942E9804C9000B2941 /* Embed Foundation Extensions */ = {
			isa = PBXCopyFilesBuildPhase;
			buildActionMask = 2147483647;
			dstPath = "";
			dstSubfolderSpec = 13;
			files = (
				0E4379A92E9804D4000B2941 /* version-complication.appex in Embed Foundation Extensions */,
				0E43798F2E9804C9000B2941 /* watch-notification.appex in Embed Foundation Extensions */,
			);
			name = "Embed Foundation Extensions";
			runOnlyForDeploymentPostprocessing = 0;
		};
		0E9D8CE22E0D6C25002B7989 /* Embed Watch Content */ = {
			isa = PBXCopyFilesBuildPhase;
			buildActionMask = 2147483647;
			dstPath = "$(CONTENTS_FOLDER_PATH)/Watch";
			dstSubfolderSpec = 16;
			files = (
				0E9D8CD02E0D6C24002B7989 /* fokusuhr-testing-platform Watch App.app in Embed Watch Content */,
			);
			name = "Embed Watch Content";
			runOnlyForDeploymentPostprocessing = 0;
		};
/* End PBXCopyFilesBuildPhase section */

/* Begin PBXFileReference section */
		0E195BFF2E917A2500DC7E4B /* Production.xcconfig */ = {isa = PBXFileReference; lastKnownFileType = text.xcconfig; path = Production.xcconfig; sourceTree = "<group>"; };
		0E195C042E917BAF00DC7E4B /* Development.xcconfig */ = {isa = PBXFileReference; lastKnownFileType = text.xcconfig; path = Development.xcconfig; sourceTree = "<group>"; };
		0E195C072E917D2A00DC7E4B /* Example.xcconfig */ = {isa = PBXFileReference; lastKnownFileType = text.xcconfig; path = Example.xcconfig; sourceTree = "<group>"; };
		0E4379882E9804C9000B2941 /* watch-notification.appex */ = {isa = PBXFileReference; explicitFileType = "wrapper.app-extension"; includeInIndex = 0; path = "watch-notification.appex"; sourceTree = BUILT_PRODUCTS_DIR; };
		0E4379992E9804D2000B2941 /* version-complication.appex */ = {isa = PBXFileReference; explicitFileType = "wrapper.app-extension"; includeInIndex = 0; path = "version-complication.appex"; sourceTree = BUILT_PRODUCTS_DIR; };
		0E43799B2E9804D3000B2941 /* WidgetKit.framework */ = {isa = PBXFileReference; lastKnownFileType = wrapper.framework; name = WidgetKit.framework; path = System/Library/Frameworks/WidgetKit.framework; sourceTree = SDKROOT; };
		0E43799D2E9804D3000B2941 /* SwiftUI.framework */ = {isa = PBXFileReference; lastKnownFileType = wrapper.framework; name = SwiftUI.framework; path = System/Library/Frameworks/SwiftUI.framework; sourceTree = SDKROOT; };
		0E9D8CBF2E0D6C23002B7989 /* fokusuhr-testing-platform.app */ = {isa = PBXFileReference; explicitFileType = wrapper.application; includeInIndex = 0; path = "fokusuhr-testing-platform.app"; sourceTree = BUILT_PRODUCTS_DIR; };
		0E9D8CCF2E0D6C24002B7989 /* fokusuhr-testing-platform Watch App.app */ = {isa = PBXFileReference; explicitFileType = wrapper.application; includeInIndex = 0; path = "fokusuhr-testing-platform Watch App.app"; sourceTree = BUILT_PRODUCTS_DIR; };
/* End PBXFileReference section */

/* Begin PBXFileSystemSynchronizedBuildFileExceptionSet section */
		0E12535B2E840AEB005F5FB4 /* Exceptions for "fokusuhr-testing-platform" folder in "fokusuhr-testing-platform" target */ = {
			isa = PBXFileSystemSynchronizedBuildFileExceptionSet;
			membershipExceptions = (
				Info.plist,
			);
			target = 0E9D8CBE2E0D6C23002B7989 /* fokusuhr-testing-platform */;
		};
		0E4379932E9804C9000B2941 /* Exceptions for "watch-notification" folder in "watch-notification" target */ = {
			isa = PBXFileSystemSynchronizedBuildFileExceptionSet;
			membershipExceptions = (
				Info.plist,
			);
			target = 0E4379872E9804C9000B2941 /* watch-notification */;
		};
		0E4379AD2E9804D4000B2941 /* Exceptions for "version-complication" folder in "version-complication" target */ = {
			isa = PBXFileSystemSynchronizedBuildFileExceptionSet;
			membershipExceptions = (
				Info.plist,
			);
			target = 0E4379982E9804D2000B2941 /* version-complication */;
		};
/* End PBXFileSystemSynchronizedBuildFileExceptionSet section */

/* Begin PBXFileSystemSynchronizedRootGroup section */
		0E195C0A2E917F6800DC7E4B /* Shared */ = {
			isa = PBXFileSystemSynchronizedRootGroup;
			path = Shared;
			sourceTree = "<group>";
		};
		0E4379892E9804C9000B2941 /* watch-notification */ = {
			isa = PBXFileSystemSynchronizedRootGroup;
			exceptions = (
				0E4379932E9804C9000B2941 /* Exceptions for "watch-notification" folder in "watch-notification" target */,
			);
			path = "watch-notification";
			sourceTree = "<group>";
		};
		0E43799F2E9804D3000B2941 /* version-complication */ = {
			isa = PBXFileSystemSynchronizedRootGroup;
			exceptions = (
				0E4379AD2E9804D4000B2941 /* Exceptions for "version-complication" folder in "version-complication" target */,
			);
			path = "version-complication";
			sourceTree = "<group>";
		};
		0E9D8CC12E0D6C23002B7989 /* fokusuhr-testing-platform */ = {
			isa = PBXFileSystemSynchronizedRootGroup;
			exceptions = (
				0E12535B2E840AEB005F5FB4 /* Exceptions for "fokusuhr-testing-platform" folder in "fokusuhr-testing-platform" target */,
			);
			path = "fokusuhr-testing-platform";
			sourceTree = "<group>";
		};
		0E9D8CD32E0D6C24002B7989 /* fokusuhr-testing-platform Watch App */ = {
			isa = PBXFileSystemSynchronizedRootGroup;
			path = "fokusuhr-testing-platform Watch App";
			sourceTree = "<group>";
		};
/* End PBXFileSystemSynchronizedRootGroup section */

/* Begin PBXFrameworksBuildPhase section */
		0E4379852E9804C9000B2941 /* Frameworks */ = {
			isa = PBXFrameworksBuildPhase;
			buildActionMask = 2147483647;
			files = (
			);
			runOnlyForDeploymentPostprocessing = 0;
		};
		0E4379962E9804D2000B2941 /* Frameworks */ = {
			isa = PBXFrameworksBuildPhase;
			buildActionMask = 2147483647;
			files = (
				0E43799E2E9804D3000B2941 /* SwiftUI.framework in Frameworks */,
				0E43799C2E9804D3000B2941 /* WidgetKit.framework in Frameworks */,
			);
			runOnlyForDeploymentPostprocessing = 0;
		};
		0E9D8CBC2E0D6C23002B7989 /* Frameworks */ = {
			isa = PBXFrameworksBuildPhase;
			buildActionMask = 2147483647;
			files = (
				0E078DF72E6E2C3100D74BDA /* PostgREST in Frameworks */,
				0E078DF52E6E2C3100D74BDA /* Functions in Frameworks */,
				0E3AFF112EB518BD008B1321 /* KeychainAccess in Frameworks */,
				0E078DFD2E6E2C3100D74BDA /* Supabase in Frameworks */,
				0E078DF32E6E2C3100D74BDA /* Auth in Frameworks */,
				0E078DFB2E6E2C3100D74BDA /* Storage in Frameworks */,
				0E078DF92E6E2C3100D74BDA /* Realtime in Frameworks */,
			);
			runOnlyForDeploymentPostprocessing = 0;
		};
		0E9D8CCC2E0D6C24002B7989 /* Frameworks */ = {
			isa = PBXFrameworksBuildPhase;
			buildActionMask = 2147483647;
			files = (
				0E078E072E6E2C5100D74BDA /* Supabase in Frameworks */,
				0E078E052E6E2C5100D74BDA /* Storage in Frameworks */,
				0E437AA32E981D24000B2941 /* KeychainAccess in Frameworks */,
				0E078E032E6E2C5100D74BDA /* PostgREST in Frameworks */,
				0E437A892E981ABC000B2941 /* StatKit in Frameworks */,
				0E078E012E6E2C5100D74BDA /* Functions in Frameworks */,
				0E078DFF2E6E2C5100D74BDA /* Auth in Frameworks */,
			);
			runOnlyForDeploymentPostprocessing = 0;
		};
/* End PBXFrameworksBuildPhase section */

/* Begin PBXGroup section */
		0E43799A2E9804D2000B2941 /* Frameworks */ = {
			isa = PBXGroup;
			children = (
				0E43799B2E9804D3000B2941 /* WidgetKit.framework */,
				0E43799D2E9804D3000B2941 /* SwiftUI.framework */,
			);
			name = Frameworks;
			sourceTree = "<group>";
		};
		0E9D8CB62E0D6C22002B7989 = {
			isa = PBXGroup;
			children = (
				0E195C0A2E917F6800DC7E4B /* Shared */,
				0E195C072E917D2A00DC7E4B /* Example.xcconfig */,
				0E195BFF2E917A2500DC7E4B /* Production.xcconfig */,
				0E195C042E917BAF00DC7E4B /* Development.xcconfig */,
				0E9D8CC12E0D6C23002B7989 /* fokusuhr-testing-platform */,
				0E9D8CD32E0D6C24002B7989 /* fokusuhr-testing-platform Watch App */,
				0E4379892E9804C9000B2941 /* watch-notification */,
				0E43799F2E9804D3000B2941 /* version-complication */,
				0E43799A2E9804D2000B2941 /* Frameworks */,
				0E9D8CC02E0D6C23002B7989 /* Products */,
			);
			sourceTree = "<group>";
		};
		0E9D8CC02E0D6C23002B7989 /* Products */ = {
			isa = PBXGroup;
			children = (
				0E9D8CBF2E0D6C23002B7989 /* fokusuhr-testing-platform.app */,
				0E9D8CCF2E0D6C24002B7989 /* fokusuhr-testing-platform Watch App.app */,
				0E4379882E9804C9000B2941 /* watch-notification.appex */,
				0E4379992E9804D2000B2941 /* version-complication.appex */,
			);
			name = Products;
			sourceTree = "<group>";
		};
/* End PBXGroup section */

/* Begin PBXNativeTarget section */
		0E4379872E9804C9000B2941 /* watch-notification */ = {
			isa = PBXNativeTarget;
			buildConfigurationList = 0E4379902E9804C9000B2941 /* Build configuration list for PBXNativeTarget "watch-notification" */;
			buildPhases = (
				0E4379842E9804C9000B2941 /* Sources */,
				0E4379852E9804C9000B2941 /* Frameworks */,
				0E4379862E9804C9000B2941 /* Resources */,
			);
			buildRules = (
			);
			dependencies = (
			);
			fileSystemSynchronizedGroups = (
				0E4379892E9804C9000B2941 /* watch-notification */,
			);
			name = "watch-notification";
			packageProductDependencies = (
			);
			productName = notification;
			productReference = 0E4379882E9804C9000B2941 /* watch-notification.appex */;
			productType = "com.apple.product-type.app-extension";
		};
		0E4379982E9804D2000B2941 /* version-complication */ = {
			isa = PBXNativeTarget;
			buildConfigurationList = 0E4379AA2E9804D4000B2941 /* Build configuration list for PBXNativeTarget "version-complication" */;
			buildPhases = (
				0E4379952E9804D2000B2941 /* Sources */,
				0E4379962E9804D2000B2941 /* Frameworks */,
				0E4379972E9804D2000B2941 /* Resources */,
			);
			buildRules = (
			);
			dependencies = (
			);
			fileSystemSynchronizedGroups = (
				0E43799F2E9804D3000B2941 /* version-complication */,
			);
			name = "version-complication";
			packageProductDependencies = (
			);
			productName = widgetExtension;
			productReference = 0E4379992E9804D2000B2941 /* version-complication.appex */;
			productType = "com.apple.product-type.app-extension";
		};
		0E9D8CBE2E0D6C23002B7989 /* fokusuhr-testing-platform */ = {
			isa = PBXNativeTarget;
			buildConfigurationList = 0E9D8CE32E0D6C25002B7989 /* Build configuration list for PBXNativeTarget "fokusuhr-testing-platform" */;
			buildPhases = (
				0E9D8CBB2E0D6C23002B7989 /* Sources */,
				0E9D8CBC2E0D6C23002B7989 /* Frameworks */,
				0E9D8CBD2E0D6C23002B7989 /* Resources */,
				0E9D8CE22E0D6C25002B7989 /* Embed Watch Content */,
			);
			buildRules = (
			);
			dependencies = (
				0E9D8CD22E0D6C24002B7989 /* PBXTargetDependency */,
			);
			fileSystemSynchronizedGroups = (
				0E195C0A2E917F6800DC7E4B /* Shared */,
				0E9D8CC12E0D6C23002B7989 /* fokusuhr-testing-platform */,
			);
			name = "fokusuhr-testing-platform";
			packageProductDependencies = (
				0E078DF22E6E2C3100D74BDA /* Auth */,
				0E078DF42E6E2C3100D74BDA /* Functions */,
				0E078DF62E6E2C3100D74BDA /* PostgREST */,
				0E078DF82E6E2C3100D74BDA /* Realtime */,
				0E078DFA2E6E2C3100D74BDA /* Storage */,
				0E078DFC2E6E2C3100D74BDA /* Supabase */,
				0E3AFF102EB518BD008B1321 /* KeychainAccess */,
			);
			productName = "fokusuhr-testing-platform";
			productReference = 0E9D8CBF2E0D6C23002B7989 /* fokusuhr-testing-platform.app */;
			productType = "com.apple.product-type.application";
		};
		0E9D8CCE2E0D6C24002B7989 /* fokusuhr-testing-platform Watch App */ = {
			isa = PBXNativeTarget;
			buildConfigurationList = 0E9D8CDF2E0D6C25002B7989 /* Build configuration list for PBXNativeTarget "fokusuhr-testing-platform Watch App" */;
			buildPhases = (
				0E9D8CCB2E0D6C24002B7989 /* Sources */,
				0E9D8CCC2E0D6C24002B7989 /* Frameworks */,
				0E9D8CCD2E0D6C24002B7989 /* Resources */,
				0E4379942E9804C9000B2941 /* Embed Foundation Extensions */,
			);
			buildRules = (
			);
			dependencies = (
				0E43798E2E9804C9000B2941 /* PBXTargetDependency */,
				0E4379A82E9804D4000B2941 /* PBXTargetDependency */,
			);
			fileSystemSynchronizedGroups = (
				0E195C0A2E917F6800DC7E4B /* Shared */,
				0E9D8CD32E0D6C24002B7989 /* fokusuhr-testing-platform Watch App */,
			);
			name = "fokusuhr-testing-platform Watch App";
			packageProductDependencies = (
				0E078DFE2E6E2C5100D74BDA /* Auth */,
				0E078E002E6E2C5100D74BDA /* Functions */,
				0E078E022E6E2C5100D74BDA /* PostgREST */,
				0E078E042E6E2C5100D74BDA /* Storage */,
				0E078E062E6E2C5100D74BDA /* Supabase */,
				0E437A882E981ABC000B2941 /* StatKit */,
				0E437AA22E981D24000B2941 /* KeychainAccess */,
			);
			productName = "fokusuhr-testing-platform Watch App";
			productReference = 0E9D8CCF2E0D6C24002B7989 /* fokusuhr-testing-platform Watch App.app */;
			productType = "com.apple.product-type.application";
		};
/* End PBXNativeTarget section */

/* Begin PBXProject section */
		0E9D8CB72E0D6C22002B7989 /* Project object */ = {
			isa = PBXProject;
			attributes = {
				BuildIndependentTargetsInParallel = 1;
				LastSwiftUpdateCheck = 1620;
				LastUpgradeCheck = 2600;
				TargetAttributes = {
					0E4379872E9804C9000B2941 = {
						CreatedOnToolsVersion = 16.2;
					};
					0E4379982E9804D2000B2941 = {
						CreatedOnToolsVersion = 16.2;
					};
					0E9D8CBE2E0D6C23002B7989 = {
						CreatedOnToolsVersion = 16.2;
					};
					0E9D8CCE2E0D6C24002B7989 = {
						CreatedOnToolsVersion = 16.2;
					};
				};
			};
			buildConfigurationList = 0E9D8CBA2E0D6C22002B7989 /* Build configuration list for PBXProject "fokusuhr-testing-platform" */;
			developmentRegion = en;
			hasScannedForEncodings = 0;
			knownRegions = (
				en,
				Base,
				de,
			);
			mainGroup = 0E9D8CB62E0D6C22002B7989;
			minimizedProjectReferenceProxies = 1;
			packageReferences = (
				0E078DF12E6E2C3100D74BDA /* XCRemoteSwiftPackageReference "supabase-swift" */,
				0E437A872E981ABC000B2941 /* XCRemoteSwiftPackageReference "StatKit" */,
				0E437AA12E981D24000B2941 /* XCRemoteSwiftPackageReference "KeychainAccess" */,
			);
			preferredProjectObjectVersion = 77;
			productRefGroup = 0E9D8CC02E0D6C23002B7989 /* Products */;
			projectDirPath = "";
			projectRoot = "";
			targets = (
				0E9D8CBE2E0D6C23002B7989 /* fokusuhr-testing-platform */,
				0E9D8CCE2E0D6C24002B7989 /* fokusuhr-testing-platform Watch App */,
				0E4379872E9804C9000B2941 /* watch-notification */,
				0E4379982E9804D2000B2941 /* version-complication */,
			);
		};
/* End PBXProject section */

/* Begin PBXResourcesBuildPhase section */
		0E4379862E9804C9000B2941 /* Resources */ = {
			isa = PBXResourcesBuildPhase;
			buildActionMask = 2147483647;
			files = (
			);
			runOnlyForDeploymentPostprocessing = 0;
		};
		0E4379972E9804D2000B2941 /* Resources */ = {
			isa = PBXResourcesBuildPhase;
			buildActionMask = 2147483647;
			files = (
			);
			runOnlyForDeploymentPostprocessing = 0;
		};
		0E9D8CBD2E0D6C23002B7989 /* Resources */ = {
			isa = PBXResourcesBuildPhase;
			buildActionMask = 2147483647;
			files = (
			);
			runOnlyForDeploymentPostprocessing = 0;
		};
		0E9D8CCD2E0D6C24002B7989 /* Resources */ = {
			isa = PBXResourcesBuildPhase;
			buildActionMask = 2147483647;
			files = (
			);
			runOnlyForDeploymentPostprocessing = 0;
		};
/* End PBXResourcesBuildPhase section */

/* Begin PBXSourcesBuildPhase section */
		0E4379842E9804C9000B2941 /* Sources */ = {
			isa = PBXSourcesBuildPhase;
			buildActionMask = 2147483647;
			files = (
			);
			runOnlyForDeploymentPostprocessing = 0;
		};
		0E4379952E9804D2000B2941 /* Sources */ = {
			isa = PBXSourcesBuildPhase;
			buildActionMask = 2147483647;
			files = (
			);
			runOnlyForDeploymentPostprocessing = 0;
		};
		0E9D8CBB2E0D6C23002B7989 /* Sources */ = {
			isa = PBXSourcesBuildPhase;
			buildActionMask = 2147483647;
			files = (
			);
			runOnlyForDeploymentPostprocessing = 0;
		};
		0E9D8CCB2E0D6C24002B7989 /* Sources */ = {
			isa = PBXSourcesBuildPhase;
			buildActionMask = 2147483647;
			files = (
			);
			runOnlyForDeploymentPostprocessing = 0;
		};
/* End PBXSourcesBuildPhase section */

/* Begin PBXTargetDependency section */
		0E43798E2E9804C9000B2941 /* PBXTargetDependency */ = {
			isa = PBXTargetDependency;
			target = 0E4379872E9804C9000B2941 /* watch-notification */;
			targetProxy = 0E43798D2E9804C9000B2941 /* PBXContainerItemProxy */;
		};
		0E4379A82E9804D4000B2941 /* PBXTargetDependency */ = {
			isa = PBXTargetDependency;
			target = 0E4379982E9804D2000B2941 /* version-complication */;
			targetProxy = 0E4379A72E9804D4000B2941 /* PBXContainerItemProxy */;
		};
		0E9D8CD22E0D6C24002B7989 /* PBXTargetDependency */ = {
			isa = PBXTargetDependency;
			target = 0E9D8CCE2E0D6C24002B7989 /* fokusuhr-testing-platform Watch App */;
			targetProxy = 0E9D8CD12E0D6C24002B7989 /* PBXContainerItemProxy */;
		};
/* End PBXTargetDependency section */

/* Begin XCBuildConfiguration section */
		0E4379912E9804C9000B2941 /* Debug */ = {
			isa = XCBuildConfiguration;
			buildSettings = {
				CODE_SIGN_IDENTITY = "Apple Development";
				CODE_SIGN_STYLE = Automatic;
				CURRENT_PROJECT_VERSION = 1;
				GENERATE_INFOPLIST_FILE = YES;
				INFOPLIST_FILE = "watch-notification/Info.plist";
				INFOPLIST_KEY_CFBundleDisplayName = "watch-notification";
				INFOPLIST_KEY_NSHumanReadableCopyright = "";
				LD_RUNPATH_SEARCH_PATHS = (
					"$(inherited)",
					"@executable_path/Frameworks",
					"@executable_path/../../Frameworks",
					"@executable_path/../../../../Frameworks",
				);
				MARKETING_VERSION = 1.2.0;
				PRODUCT_BUNDLE_IDENTIFIER = net.com.fokusuhr.FokusUhr.watchkitapp.notification;
				PRODUCT_NAME = "$(TARGET_NAME)";
				SDKROOT = watchos;
				SKIP_INSTALL = YES;
				SWIFT_EMIT_LOC_STRINGS = YES;
				SWIFT_VERSION = 5.0;
				TARGETED_DEVICE_FAMILY = 4;
				WATCHOS_DEPLOYMENT_TARGET = 10.6;
			};
			name = Debug;
		};
		0E4379922E9804C9000B2941 /* Release */ = {
			isa = XCBuildConfiguration;
			buildSettings = {
				CODE_SIGN_IDENTITY = "Apple Development";
				CODE_SIGN_STYLE = Automatic;
				CURRENT_PROJECT_VERSION = 1;
				GENERATE_INFOPLIST_FILE = YES;
				INFOPLIST_FILE = "watch-notification/Info.plist";
				INFOPLIST_KEY_CFBundleDisplayName = "watch-notification";
				INFOPLIST_KEY_NSHumanReadableCopyright = "";
				LD_RUNPATH_SEARCH_PATHS = (
					"$(inherited)",
					"@executable_path/Frameworks",
					"@executable_path/../../Frameworks",
					"@executable_path/../../../../Frameworks",
				);
				MARKETING_VERSION = 1.2.0;
				PRODUCT_BUNDLE_IDENTIFIER = net.com.fokusuhr.FokusUhr.watchkitapp.notification;
				PRODUCT_NAME = "$(TARGET_NAME)";
				SDKROOT = watchos;
				SKIP_INSTALL = YES;
				SWIFT_EMIT_LOC_STRINGS = YES;
				SWIFT_VERSION = 5.0;
				TARGETED_DEVICE_FAMILY = 4;
				VALIDATE_PRODUCT = YES;
				WATCHOS_DEPLOYMENT_TARGET = 10.6;
			};
			name = Release;
		};
		0E4379AB2E9804D4000B2941 /* Debug */ = {
			isa = XCBuildConfiguration;
			buildSettings = {
				ASSETCATALOG_COMPILER_GLOBAL_ACCENT_COLOR_NAME = AccentColor;
				ASSETCATALOG_COMPILER_WIDGET_BACKGROUND_COLOR_NAME = WidgetBackground;
				CODE_SIGN_ENTITLEMENTS = "version-complication/widgetExtension.entitlements";
				CODE_SIGN_IDENTITY = "Apple Development";
				CODE_SIGN_STYLE = Automatic;
				CURRENT_PROJECT_VERSION = 1;
				GENERATE_INFOPLIST_FILE = YES;
				INFOPLIST_FILE = "version-complication/Info.plist";
				INFOPLIST_KEY_CFBundleDisplayName = "version-complication";
				INFOPLIST_KEY_NSHumanReadableCopyright = "";
				LD_RUNPATH_SEARCH_PATHS = (
					"$(inherited)",
					"@executable_path/Frameworks",
					"@executable_path/../../Frameworks",
					"@executable_path/../../../../Frameworks",
				);
				MARKETING_VERSION = 1.2.0;
				PRODUCT_BUNDLE_IDENTIFIER = "net.com.fokusuhr.FokusUhr.watchkitapp.version-complication";
				PRODUCT_NAME = "$(TARGET_NAME)";
				SDKROOT = watchos;
				SKIP_INSTALL = YES;
				SWIFT_EMIT_LOC_STRINGS = YES;
				SWIFT_VERSION = 5.0;
				TARGETED_DEVICE_FAMILY = 4;
				WATCHOS_DEPLOYMENT_TARGET = 10.6;
			};
			name = Debug;
		};
		0E4379AC2E9804D4000B2941 /* Release */ = {
			isa = XCBuildConfiguration;
			buildSettings = {
				ASSETCATALOG_COMPILER_GLOBAL_ACCENT_COLOR_NAME = AccentColor;
				ASSETCATALOG_COMPILER_WIDGET_BACKGROUND_COLOR_NAME = WidgetBackground;
				CODE_SIGN_ENTITLEMENTS = "version-complication/widgetExtension.entitlements";
				CODE_SIGN_IDENTITY = "Apple Development";
				CODE_SIGN_STYLE = Automatic;
				CURRENT_PROJECT_VERSION = 1;
				GENERATE_INFOPLIST_FILE = YES;
				INFOPLIST_FILE = "version-complication/Info.plist";
				INFOPLIST_KEY_CFBundleDisplayName = "version-complication";
				INFOPLIST_KEY_NSHumanReadableCopyright = "";
				LD_RUNPATH_SEARCH_PATHS = (
					"$(inherited)",
					"@executable_path/Frameworks",
					"@executable_path/../../Frameworks",
					"@executable_path/../../../../Frameworks",
				);
				MARKETING_VERSION = 1.2.0;
				PRODUCT_BUNDLE_IDENTIFIER = "net.com.fokusuhr.FokusUhr.watchkitapp.version-complication";
				PRODUCT_NAME = "$(TARGET_NAME)";
				SDKROOT = watchos;
				SKIP_INSTALL = YES;
				SWIFT_EMIT_LOC_STRINGS = YES;
				SWIFT_VERSION = 5.0;
				TARGETED_DEVICE_FAMILY = 4;
				VALIDATE_PRODUCT = YES;
				WATCHOS_DEPLOYMENT_TARGET = 10.6;
			};
			name = Release;
		};
		0E9D8CDD2E0D6C25002B7989 /* Debug */ = {
			isa = XCBuildConfiguration;
			baseConfigurationReference = 0E195C042E917BAF00DC7E4B /* Development.xcconfig */;
			buildSettings = {
				ALWAYS_SEARCH_USER_PATHS = NO;
				ASSETCATALOG_COMPILER_GENERATE_SWIFT_ASSET_SYMBOL_EXTENSIONS = YES;
				CLANG_ANALYZER_LOCALIZABILITY_NONLOCALIZED = YES;
				CLANG_ANALYZER_NONNULL = YES;
				CLANG_ANALYZER_NUMBER_OBJECT_CONVERSION = YES_AGGRESSIVE;
				CLANG_CXX_LANGUAGE_STANDARD = "gnu++20";
				CLANG_ENABLE_MODULES = YES;
				CLANG_ENABLE_OBJC_ARC = YES;
				CLANG_ENABLE_OBJC_WEAK = YES;
				CLANG_WARN_BLOCK_CAPTURE_AUTORELEASING = YES;
				CLANG_WARN_BOOL_CONVERSION = YES;
				CLANG_WARN_COMMA = YES;
				CLANG_WARN_CONSTANT_CONVERSION = YES;
				CLANG_WARN_DEPRECATED_OBJC_IMPLEMENTATIONS = YES;
				CLANG_WARN_DIRECT_OBJC_ISA_USAGE = YES_ERROR;
				CLANG_WARN_DOCUMENTATION_COMMENTS = YES;
				CLANG_WARN_EMPTY_BODY = YES;
				CLANG_WARN_ENUM_CONVERSION = YES;
				CLANG_WARN_INFINITE_RECURSION = YES;
				CLANG_WARN_INT_CONVERSION = YES;
				CLANG_WARN_NON_LITERAL_NULL_CONVERSION = YES;
				CLANG_WARN_OBJC_IMPLICIT_RETAIN_SELF = YES;
				CLANG_WARN_OBJC_LITERAL_CONVERSION = YES;
				CLANG_WARN_OBJC_ROOT_CLASS = YES_ERROR;
				CLANG_WARN_QUOTED_INCLUDE_IN_FRAMEWORK_HEADER = YES;
				CLANG_WARN_RANGE_LOOP_ANALYSIS = YES;
				CLANG_WARN_STRICT_PROTOTYPES = YES;
				CLANG_WARN_SUSPICIOUS_MOVE = YES;
				CLANG_WARN_UNGUARDED_AVAILABILITY = YES_AGGRESSIVE;
				CLANG_WARN_UNREACHABLE_CODE = YES;
				CLANG_WARN__DUPLICATE_METHOD_MATCH = YES;
				COPY_PHASE_STRIP = NO;
				DEAD_CODE_STRIPPING = YES;
				DEBUG_INFORMATION_FORMAT = dwarf;
				DEVELOPMENT_TEAM = 9LKY7MBW4C;
				ENABLE_STRICT_OBJC_MSGSEND = YES;
				ENABLE_TESTABILITY = YES;
				ENABLE_USER_SCRIPT_SANDBOXING = YES;
				GCC_C_LANGUAGE_STANDARD = gnu17;
				GCC_DYNAMIC_NO_PIC = NO;
				GCC_NO_COMMON_BLOCKS = YES;
				GCC_OPTIMIZATION_LEVEL = 0;
				GCC_PREPROCESSOR_DEFINITIONS = (
					"DEBUG=1",
					"$(inherited)",
				);
				GCC_WARN_64_TO_32_BIT_CONVERSION = YES;
				GCC_WARN_ABOUT_RETURN_TYPE = YES_ERROR;
				GCC_WARN_UNDECLARED_SELECTOR = YES;
				GCC_WARN_UNINITIALIZED_AUTOS = YES_AGGRESSIVE;
				GCC_WARN_UNUSED_FUNCTION = YES;
				GCC_WARN_UNUSED_VARIABLE = YES;
				LOCALIZATION_PREFERS_STRING_CATALOGS = YES;
				MTL_ENABLE_DEBUG_INFO = INCLUDE_SOURCE;
				MTL_FAST_MATH = YES;
				ONLY_ACTIVE_ARCH = YES;
				STRING_CATALOG_GENERATE_SYMBOLS = YES;
				SWIFT_ACTIVE_COMPILATION_CONDITIONS = "DEBUG $(inherited)";
				SWIFT_EMIT_LOC_STRINGS = YES;
				SWIFT_OPTIMIZATION_LEVEL = "-Onone";
			};
			name = Debug;
		};
		0E9D8CDE2E0D6C25002B7989 /* Release */ = {
			isa = XCBuildConfiguration;
			baseConfigurationReference = 0E195BFF2E917A2500DC7E4B /* Production.xcconfig */;
			buildSettings = {
				ALWAYS_SEARCH_USER_PATHS = NO;
				ASSETCATALOG_COMPILER_GENERATE_SWIFT_ASSET_SYMBOL_EXTENSIONS = YES;
				CLANG_ANALYZER_LOCALIZABILITY_NONLOCALIZED = YES;
				CLANG_ANALYZER_NONNULL = YES;
				CLANG_ANALYZER_NUMBER_OBJECT_CONVERSION = YES_AGGRESSIVE;
				CLANG_CXX_LANGUAGE_STANDARD = "gnu++20";
				CLANG_ENABLE_MODULES = YES;
				CLANG_ENABLE_OBJC_ARC = YES;
				CLANG_ENABLE_OBJC_WEAK = YES;
				CLANG_WARN_BLOCK_CAPTURE_AUTORELEASING = YES;
				CLANG_WARN_BOOL_CONVERSION = YES;
				CLANG_WARN_COMMA = YES;
				CLANG_WARN_CONSTANT_CONVERSION = YES;
				CLANG_WARN_DEPRECATED_OBJC_IMPLEMENTATIONS = YES;
				CLANG_WARN_DIRECT_OBJC_ISA_USAGE = YES_ERROR;
				CLANG_WARN_DOCUMENTATION_COMMENTS = YES;
				CLANG_WARN_EMPTY_BODY = YES;
				CLANG_WARN_ENUM_CONVERSION = YES;
				CLANG_WARN_INFINITE_RECURSION = YES;
				CLANG_WARN_INT_CONVERSION = YES;
				CLANG_WARN_NON_LITERAL_NULL_CONVERSION = YES;
				CLANG_WARN_OBJC_IMPLICIT_RETAIN_SELF = YES;
				CLANG_WARN_OBJC_LITERAL_CONVERSION = YES;
				CLANG_WARN_OBJC_ROOT_CLASS = YES_ERROR;
				CLANG_WARN_QUOTED_INCLUDE_IN_FRAMEWORK_HEADER = YES;
				CLANG_WARN_RANGE_LOOP_ANALYSIS = YES;
				CLANG_WARN_STRICT_PROTOTYPES = YES;
				CLANG_WARN_SUSPICIOUS_MOVE = YES;
				CLANG_WARN_UNGUARDED_AVAILABILITY = YES_AGGRESSIVE;
				CLANG_WARN_UNREACHABLE_CODE = YES;
				CLANG_WARN__DUPLICATE_METHOD_MATCH = YES;
				COPY_PHASE_STRIP = NO;
				DEAD_CODE_STRIPPING = YES;
				DEBUG_INFORMATION_FORMAT = "dwarf-with-dsym";
				DEVELOPMENT_TEAM = 9LKY7MBW4C;
				ENABLE_NS_ASSERTIONS = NO;
				ENABLE_STRICT_OBJC_MSGSEND = YES;
				ENABLE_USER_SCRIPT_SANDBOXING = YES;
				GCC_C_LANGUAGE_STANDARD = gnu17;
				GCC_NO_COMMON_BLOCKS = YES;
				GCC_WARN_64_TO_32_BIT_CONVERSION = YES;
				GCC_WARN_ABOUT_RETURN_TYPE = YES_ERROR;
				GCC_WARN_UNDECLARED_SELECTOR = YES;
				GCC_WARN_UNINITIALIZED_AUTOS = YES_AGGRESSIVE;
				GCC_WARN_UNUSED_FUNCTION = YES;
				GCC_WARN_UNUSED_VARIABLE = YES;
				LOCALIZATION_PREFERS_STRING_CATALOGS = YES;
				MTL_ENABLE_DEBUG_INFO = NO;
				MTL_FAST_MATH = YES;
				STRING_CATALOG_GENERATE_SYMBOLS = YES;
				SWIFT_COMPILATION_MODE = wholemodule;
				SWIFT_EMIT_LOC_STRINGS = YES;
			};
			name = Release;
		};
		0E9D8CE02E0D6C25002B7989 /* Debug */ = {
			isa = XCBuildConfiguration;
			buildSettings = {
				ASSETCATALOG_COMPILER_APPICON_NAME = AppIcon;
				ASSETCATALOG_COMPILER_GLOBAL_ACCENT_COLOR_NAME = AccentColor;
				ASSETCATALOG_COMPILER_INCLUDE_ALL_APPICON_ASSETS = YES;
				CODE_SIGN_ENTITLEMENTS = "fokusuhr-testing-platform Watch App/fokusuhr-testing-platform Watch App.entitlements";
				CODE_SIGN_IDENTITY = "Apple Development";
				CODE_SIGN_STYLE = Automatic;
				CURRENT_PROJECT_VERSION = 1;
				DEVELOPMENT_ASSET_PATHS = "\"fokusuhr-testing-platform Watch App/Preview Content\"";
				DEVELOPMENT_TEAM = 9LKY7MBW4C;
				ENABLE_PREVIEWS = YES;
				GENERATE_INFOPLIST_FILE = YES;
				INFOPLIST_FILE = "fokusuhr-testing-platform-Watch-App-Info.plist";
				INFOPLIST_KEY_CFBundleDisplayName = "FokusUhr Platform";
				INFOPLIST_KEY_CLKComplicationPrincipalClass = fokusuhr_testing_platform_Watch_App.ComplicationsManager;
				INFOPLIST_KEY_ITSAppUsesNonExemptEncryption = NO;
				INFOPLIST_KEY_NSHealthClinicalHealthRecordsShareUsageDescription = "We require HealthKit to access clinical records for features that support ADHD assistance.";
				INFOPLIST_KEY_NSHealthShareUsageDescription = "We use HealthKit to read activity and health data to personalize your experience and improve ADHD-related functions.";
				INFOPLIST_KEY_NSHealthUpdateUsageDescription = "We use HealthKit to save relevant health information to help track progress and support ADHD assistance.";
				INFOPLIST_KEY_NSMicrophoneUsageDescription = "Required for voice transcription.";
				INFOPLIST_KEY_NSMotionUsageDescription = "We require motion data, to help the algorithms assess if the user is focussed or not.";
				INFOPLIST_KEY_UISupportedInterfaceOrientations = "UIInterfaceOrientationPortrait UIInterfaceOrientationPortraitUpsideDown";
				INFOPLIST_KEY_WKCompanionAppBundleIdentifier = net.com.fokusuhr.FokusUhr;
				LD_RUNPATH_SEARCH_PATHS = (
					"$(inherited)",
					"@executable_path/Frameworks",
				);
				MARKETING_VERSION = 1.2.0;
				PRODUCT_BUNDLE_IDENTIFIER = net.com.fokusuhr.FokusUhr.watchkitapp;
				PRODUCT_NAME = "$(TARGET_NAME)";
				PROVISIONING_PROFILE_SPECIFIER = "";
				SDKROOT = watchos;
				SKIP_INSTALL = YES;
				SWIFT_EMIT_LOC_STRINGS = YES;
				SWIFT_VERSION = 5.0;
				TARGETED_DEVICE_FAMILY = 4;
				WATCHOS_DEPLOYMENT_TARGET = 10.6;
			};
			name = Debug;
		};
		0E9D8CE12E0D6C25002B7989 /* Release */ = {
			isa = XCBuildConfiguration;
			buildSettings = {
				ASSETCATALOG_COMPILER_APPICON_NAME = AppIcon;
				ASSETCATALOG_COMPILER_GLOBAL_ACCENT_COLOR_NAME = AccentColor;
				ASSETCATALOG_COMPILER_INCLUDE_ALL_APPICON_ASSETS = YES;
				CODE_SIGN_ENTITLEMENTS = "fokusuhr-testing-platform Watch App/fokusuhr-testing-platform Watch App.entitlements";
				CODE_SIGN_IDENTITY = "Apple Development";
				CODE_SIGN_STYLE = Automatic;
				CURRENT_PROJECT_VERSION = 1;
				DEVELOPMENT_ASSET_PATHS = "\"fokusuhr-testing-platform Watch App/Preview Content\"";
				ENABLE_PREVIEWS = YES;
				GENERATE_INFOPLIST_FILE = YES;
				INFOPLIST_FILE = "fokusuhr-testing-platform-Watch-App-Info.plist";
				INFOPLIST_KEY_CFBundleDisplayName = "FokusUhr Platform";
				INFOPLIST_KEY_CLKComplicationPrincipalClass = fokusuhr_testing_platform_Watch_App.ComplicationsManager;
				INFOPLIST_KEY_ITSAppUsesNonExemptEncryption = NO;
				INFOPLIST_KEY_NSHealthClinicalHealthRecordsShareUsageDescription = "We require HealthKit to access clinical records for features that support ADHD assistance.";
				INFOPLIST_KEY_NSHealthShareUsageDescription = "We use HealthKit to read activity and health data to personalize your experience and improve ADHD-related functions.";
				INFOPLIST_KEY_NSHealthUpdateUsageDescription = "We use HealthKit to save relevant health information to help track progress and support ADHD assistance.";
				INFOPLIST_KEY_NSMicrophoneUsageDescription = "Required for voice transcription.";
				INFOPLIST_KEY_NSMotionUsageDescription = "We require motion data, to help the algorithms assess if the user is focussed or not.";
				INFOPLIST_KEY_UISupportedInterfaceOrientations = "UIInterfaceOrientationPortrait UIInterfaceOrientationPortraitUpsideDown";
				INFOPLIST_KEY_WKCompanionAppBundleIdentifier = net.com.fokusuhr.FokusUhr;
				LD_RUNPATH_SEARCH_PATHS = (
					"$(inherited)",
					"@executable_path/Frameworks",
				);
				MARKETING_VERSION = 1.2.0;
				PRODUCT_BUNDLE_IDENTIFIER = net.com.fokusuhr.FokusUhr.watchkitapp;
				PRODUCT_NAME = "$(TARGET_NAME)";
				PROVISIONING_PROFILE_SPECIFIER = "";
				SDKROOT = watchos;
				SKIP_INSTALL = YES;
				SWIFT_EMIT_LOC_STRINGS = YES;
				SWIFT_VERSION = 5.0;
				TARGETED_DEVICE_FAMILY = 4;
				VALIDATE_PRODUCT = YES;
				WATCHOS_DEPLOYMENT_TARGET = 10.6;
			};
			name = Release;
		};
		0E9D8CE42E0D6C25002B7989 /* Debug */ = {
			isa = XCBuildConfiguration;
			buildSettings = {
				ASSETCATALOG_COMPILER_APPICON_NAME = AppIcon;
				ASSETCATALOG_COMPILER_GLOBAL_ACCENT_COLOR_NAME = AccentColor;
				ASSETCATALOG_COMPILER_INCLUDE_ALL_APPICON_ASSETS = YES;
				CODE_SIGN_ENTITLEMENTS = "fokusuhr-testing-platform/fokusuhr-testing-platform.entitlements";
				CODE_SIGN_IDENTITY = "Apple Development";
				CODE_SIGN_STYLE = Automatic;
				CURRENT_PROJECT_VERSION = 1;
				DEVELOPMENT_ASSET_PATHS = "\"fokusuhr-testing-platform/Preview Content\"";
				ENABLE_PREVIEWS = YES;
				GENERATE_INFOPLIST_FILE = YES;
				INFOPLIST_FILE = "fokusuhr-testing-platform/Info.plist";
				INFOPLIST_KEY_CFBundleDisplayName = "FokusUhr Platform";
				INFOPLIST_KEY_ITSAppUsesNonExemptEncryption = NO;
				INFOPLIST_KEY_LSApplicationCategoryType = "public.app-category.medical";
				INFOPLIST_KEY_NSCameraUsageDescription = "We need access to your camera to take photos.";
				INFOPLIST_KEY_NSMicrophoneUsageDescription = "Required for voice transcription.";
				INFOPLIST_KEY_UIApplicationSceneManifest_Generation = YES;
				INFOPLIST_KEY_UIApplicationSupportsIndirectInputEvents = YES;
				INFOPLIST_KEY_UILaunchScreen_Generation = YES;
				INFOPLIST_KEY_UISupportedInterfaceOrientations_iPad = "UIInterfaceOrientationPortrait UIInterfaceOrientationPortraitUpsideDown UIInterfaceOrientationLandscapeLeft UIInterfaceOrientationLandscapeRight";
				INFOPLIST_KEY_UISupportedInterfaceOrientations_iPhone = "UIInterfaceOrientationPortrait UIInterfaceOrientationLandscapeLeft UIInterfaceOrientationLandscapeRight";
				IPHONEOS_DEPLOYMENT_TARGET = 17.6;
				LD_RUNPATH_SEARCH_PATHS = (
					"$(inherited)",
					"@executable_path/Frameworks",
				);
				MARKETING_VERSION = 1.2.0;
				PRODUCT_BUNDLE_IDENTIFIER = net.com.fokusuhr.FokusUhr;
				PRODUCT_NAME = "$(TARGET_NAME)";
				PROVISIONING_PROFILE_SPECIFIER = "";
				SDKROOT = iphoneos;
				SWIFT_EMIT_LOC_STRINGS = YES;
				SWIFT_VERSION = 5.0;
				TARGETED_DEVICE_FAMILY = "1,2";
			};
			name = Debug;
		};
		0E9D8CE52E0D6C25002B7989 /* Release */ = {
			isa = XCBuildConfiguration;
			buildSettings = {
				ASSETCATALOG_COMPILER_APPICON_NAME = AppIcon;
				ASSETCATALOG_COMPILER_GLOBAL_ACCENT_COLOR_NAME = AccentColor;
				ASSETCATALOG_COMPILER_INCLUDE_ALL_APPICON_ASSETS = YES;
				CODE_SIGN_ENTITLEMENTS = "fokusuhr-testing-platform/fokusuhr-testing-platform.entitlements";
				CODE_SIGN_IDENTITY = "Apple Development";
				CODE_SIGN_STYLE = Automatic;
				CURRENT_PROJECT_VERSION = 1;
				DEVELOPMENT_ASSET_PATHS = "\"fokusuhr-testing-platform/Preview Content\"";
				ENABLE_PREVIEWS = YES;
				GENERATE_INFOPLIST_FILE = YES;
				INFOPLIST_FILE = "fokusuhr-testing-platform/Info.plist";
				INFOPLIST_KEY_CFBundleDisplayName = "FokusUhr Platform";
				INFOPLIST_KEY_ITSAppUsesNonExemptEncryption = NO;
				INFOPLIST_KEY_LSApplicationCategoryType = "public.app-category.medical";
				INFOPLIST_KEY_NSCameraUsageDescription = "We need access to your camera to take photos.";
				INFOPLIST_KEY_NSMicrophoneUsageDescription = "Required for voice transcription.";
				INFOPLIST_KEY_UIApplicationSceneManifest_Generation = YES;
				INFOPLIST_KEY_UIApplicationSupportsIndirectInputEvents = YES;
				INFOPLIST_KEY_UILaunchScreen_Generation = YES;
				INFOPLIST_KEY_UISupportedInterfaceOrientations_iPad = "UIInterfaceOrientationPortrait UIInterfaceOrientationPortraitUpsideDown UIInterfaceOrientationLandscapeLeft UIInterfaceOrientationLandscapeRight";
				INFOPLIST_KEY_UISupportedInterfaceOrientations_iPhone = "UIInterfaceOrientationPortrait UIInterfaceOrientationLandscapeLeft UIInterfaceOrientationLandscapeRight";
				IPHONEOS_DEPLOYMENT_TARGET = 17.6;
				LD_RUNPATH_SEARCH_PATHS = (
					"$(inherited)",
					"@executable_path/Frameworks",
				);
				MARKETING_VERSION = 1.2.0;
				PRODUCT_BUNDLE_IDENTIFIER = net.com.fokusuhr.FokusUhr;
				PRODUCT_NAME = "$(TARGET_NAME)";
				PROVISIONING_PROFILE_SPECIFIER = "";
				SDKROOT = iphoneos;
				SWIFT_EMIT_LOC_STRINGS = YES;
				SWIFT_VERSION = 5.0;
				TARGETED_DEVICE_FAMILY = "1,2";
				VALIDATE_PRODUCT = YES;
			};
			name = Release;
		};
/* End XCBuildConfiguration section */

/* Begin XCConfigurationList section */
		0E4379902E9804C9000B2941 /* Build configuration list for PBXNativeTarget "watch-notification" */ = {
			isa = XCConfigurationList;
			buildConfigurations = (
				0E4379912E9804C9000B2941 /* Debug */,
				0E4379922E9804C9000B2941 /* Release */,
			);
			defaultConfigurationIsVisible = 0;
			defaultConfigurationName = Release;
		};
		0E4379AA2E9804D4000B2941 /* Build configuration list for PBXNativeTarget "version-complication" */ = {
			isa = XCConfigurationList;
			buildConfigurations = (
				0E4379AB2E9804D4000B2941 /* Debug */,
				0E4379AC2E9804D4000B2941 /* Release */,
			);
			defaultConfigurationIsVisible = 0;
			defaultConfigurationName = Release;
		};
		0E9D8CBA2E0D6C22002B7989 /* Build configuration list for PBXProject "fokusuhr-testing-platform" */ = {
			isa = XCConfigurationList;
			buildConfigurations = (
				0E9D8CDD2E0D6C25002B7989 /* Debug */,
				0E9D8CDE2E0D6C25002B7989 /* Release */,
			);
			defaultConfigurationIsVisible = 0;
			defaultConfigurationName = Release;
		};
		0E9D8CDF2E0D6C25002B7989 /* Build configuration list for PBXNativeTarget "fokusuhr-testing-platform Watch App" */ = {
			isa = XCConfigurationList;
			buildConfigurations = (
				0E9D8CE02E0D6C25002B7989 /* Debug */,
				0E9D8CE12E0D6C25002B7989 /* Release */,
			);
			defaultConfigurationIsVisible = 0;
			defaultConfigurationName = Release;
		};
		0E9D8CE32E0D6C25002B7989 /* Build configuration list for PBXNativeTarget "fokusuhr-testing-platform" */ = {
			isa = XCConfigurationList;
			buildConfigurations = (
				0E9D8CE42E0D6C25002B7989 /* Debug */,
				0E9D8CE52E0D6C25002B7989 /* Release */,
			);
			defaultConfigurationIsVisible = 0;
			defaultConfigurationName = Release;
		};
/* End XCConfigurationList section */

/* Begin XCRemoteSwiftPackageReference section */
		0E078DF12E6E2C3100D74BDA /* XCRemoteSwiftPackageReference "supabase-swift" */ = {
			isa = XCRemoteSwiftPackageReference;
			repositoryURL = "https://github.com/supabase/supabase-swift.git";
			requirement = {
				kind = upToNextMajorVersion;
				minimumVersion = 2.5.1;
			};
		};
		0E437A872E981ABC000B2941 /* XCRemoteSwiftPackageReference "StatKit" */ = {
			isa = XCRemoteSwiftPackageReference;
			repositoryURL = "https://github.com/JimmyMAndersson/StatKit.git";
			requirement = {
				kind = upToNextMajorVersion;
				minimumVersion = 0.7.1;
			};
		};
		0E437AA12E981D24000B2941 /* XCRemoteSwiftPackageReference "KeychainAccess" */ = {
			isa = XCRemoteSwiftPackageReference;
			repositoryURL = "https://github.com/kishikawakatsumi/KeychainAccess";
			requirement = {
				branch = master;
				kind = branch;
			};
		};
/* End XCRemoteSwiftPackageReference section */

/* Begin XCSwiftPackageProductDependency section */
		0E078DF22E6E2C3100D74BDA /* Auth */ = {
			isa = XCSwiftPackageProductDependency;
			package = 0E078DF12E6E2C3100D74BDA /* XCRemoteSwiftPackageReference "supabase-swift" */;
			productName = Auth;
		};
		0E078DF42E6E2C3100D74BDA /* Functions */ = {
			isa = XCSwiftPackageProductDependency;
			package = 0E078DF12E6E2C3100D74BDA /* XCRemoteSwiftPackageReference "supabase-swift" */;
			productName = Functions;
		};
		0E078DF62E6E2C3100D74BDA /* PostgREST */ = {
			isa = XCSwiftPackageProductDependency;
			package = 0E078DF12E6E2C3100D74BDA /* XCRemoteSwiftPackageReference "supabase-swift" */;
			productName = PostgREST;
		};
		0E078DF82E6E2C3100D74BDA /* Realtime */ = {
			isa = XCSwiftPackageProductDependency;
			package = 0E078DF12E6E2C3100D74BDA /* XCRemoteSwiftPackageReference "supabase-swift" */;
			productName = Realtime;
		};
		0E078DFA2E6E2C3100D74BDA /* Storage */ = {
			isa = XCSwiftPackageProductDependency;
			package = 0E078DF12E6E2C3100D74BDA /* XCRemoteSwiftPackageReference "supabase-swift" */;
			productName = Storage;
		};
		0E078DFC2E6E2C3100D74BDA /* Supabase */ = {
			isa = XCSwiftPackageProductDependency;
			package = 0E078DF12E6E2C3100D74BDA /* XCRemoteSwiftPackageReference "supabase-swift" */;
			productName = Supabase;
		};
		0E078DFE2E6E2C5100D74BDA /* Auth */ = {
			isa = XCSwiftPackageProductDependency;
			package = 0E078DF12E6E2C3100D74BDA /* XCRemoteSwiftPackageReference "supabase-swift" */;
			productName = Auth;
		};
		0E078E002E6E2C5100D74BDA /* Functions */ = {
			isa = XCSwiftPackageProductDependency;
			package = 0E078DF12E6E2C3100D74BDA /* XCRemoteSwiftPackageReference "supabase-swift" */;
			productName = Functions;
		};
		0E078E022E6E2C5100D74BDA /* PostgREST */ = {
			isa = XCSwiftPackageProductDependency;
			package = 0E078DF12E6E2C3100D74BDA /* XCRemoteSwiftPackageReference "supabase-swift" */;
			productName = PostgREST;
		};
		0E078E042E6E2C5100D74BDA /* Storage */ = {
			isa = XCSwiftPackageProductDependency;
			package = 0E078DF12E6E2C3100D74BDA /* XCRemoteSwiftPackageReference "supabase-swift" */;
			productName = Storage;
		};
		0E078E062E6E2C5100D74BDA /* Supabase */ = {
			isa = XCSwiftPackageProductDependency;
			package = 0E078DF12E6E2C3100D74BDA /* XCRemoteSwiftPackageReference "supabase-swift" */;
			productName = Supabase;
		};
		0E3AFF102EB518BD008B1321 /* KeychainAccess */ = {
			isa = XCSwiftPackageProductDependency;
			package = 0E437AA12E981D24000B2941 /* XCRemoteSwiftPackageReference "KeychainAccess" */;
			productName = KeychainAccess;
		};
		0E437A882E981ABC000B2941 /* StatKit */ = {
			isa = XCSwiftPackageProductDependency;
			package = 0E437A872E981ABC000B2941 /* XCRemoteSwiftPackageReference "StatKit" */;
			productName = StatKit;
		};
		0E437AA22E981D24000B2941 /* KeychainAccess */ = {
			isa = XCSwiftPackageProductDependency;
			package = 0E437AA12E981D24000B2941 /* XCRemoteSwiftPackageReference "KeychainAccess" */;
			productName = KeychainAccess;
		};
/* End XCSwiftPackageProductDependency section */
	};
	rootObject = 0E9D8CB72E0D6C22002B7989 /* Project object */;
}
